
Microsoft Visual Studio Solution File, Format Version 12.00
# Visual Studio 15
VisualStudioVersion = 15.0.25928.0
MinimumVisualStudioVersion = 10.0.40219.1
Project("{2150E333-8FDC-42A3-9474-1A3956D46DE8}") = "src", "src", "{7CEC7CE7-00F2-4234-8D62-7CBEDC9D6766}"
EndProject
Project("{FAE04EC0-301F-11D3-BF4B-00C04F79EFBC}") = "Co.Web", "src\Co.Web\Co.Web.csproj", "{84BAA078-5850-4625-9DA6-3AA9A0CA63A7}"
EndProject
Project("{9A19103F-16F7-4668-BE54-9A1E7A4F7556}") = "Co.Core", "..\Co.Core\Co.Core.csproj", "{F6511823-E55E-4D14-89F7-C6C55EE6A7C0}"
EndProject
Project("{9A19103F-16F7-4668-BE54-9A1E7A4F7556}") = "Co.Dao", "..\Co.Dao\Co.Dao.csproj", "{E84E9A00-3369-43E0-939E-81483E5CE0D4}"
EndProject
Project("{9A19103F-16F7-4668-BE54-9A1E7A4F7556}") = "Co.IService", "..\Co.IService\Co.IService.csproj", "{6BFEDC63-666D-4364-AC05-77FBE9A15D4F}"
EndProject
Project("{9A19103F-16F7-4668-BE54-9A1E7A4F7556}") = "Co.Model", "..\Co.Model\Co.Model.csproj", "{2DF0FBB8-C49F-41A8-8C72-30670191FC2C}"
EndProject
Project("{9A19103F-16F7-4668-BE54-9A1E7A4F7556}") = "Co.Service", "..\Co.Service\Co.Service.csproj", "{0DDBA7D0-5D68-452D-865E-AF05C7364079}"
EndProject
Project("{9A19103F-16F7-4668-BE54-9A1E7A4F7556}") = "Co.Utils", "..\Co.Utils\Co.Utils.csproj", "{C1BBC97B-D3D5-4276-B406-B441E48A5834}"
EndProject
Global
	GlobalSection(SolutionConfigurationPlatforms) = preSolution
		Debug|Any CPU = Debug|Any CPU
		Debug|x64 = Debug|x64
		Debug|x86 = Debug|x86
		Release|Any CPU = Release|Any CPU
		Release|x64 = Release|x64
		Release|x86 = Release|x86
	EndGlobalSection
	GlobalSection(ProjectConfigurationPlatforms) = postSolution
		{84BAA078-5850-4625-9DA6-3AA9A0CA63A7}.Debug|Any CPU.ActiveCfg = Debug|Any CPU
		{84BAA078-5850-4625-9DA6-3AA9A0CA63A7}.Debug|Any CPU.Build.0 = Debug|Any CPU
		{84BAA078-5850-4625-9DA6-3AA9A0CA63A7}.Debug|x64.ActiveCfg = Debug|x64
		{84BAA078-5850-4625-9DA6-3AA9A0CA63A7}.Debug|x64.Build.0 = Debug|x64
		{84BAA078-5850-4625-9DA6-3AA9A0CA63A7}.Debug|x86.ActiveCfg = Debug|x86
		{84BAA078-5850-4625-9DA6-3AA9A0CA63A7}.Debug|x86.Build.0 = Debug|x86
		{84BAA078-5850-4625-9DA6-3AA9A0CA63A7}.Release|Any CPU.ActiveCfg = Release|Any CPU
		{84BAA078-5850-4625-9DA6-3AA9A0CA63A7}.Release|Any CPU.Build.0 = Release|Any CPU
		{84BAA078-5850-4625-9DA6-3AA9A0CA63A7}.Release|x64.ActiveCfg = Release|x64
		{84BAA078-5850-4625-9DA6-3AA9A0CA63A7}.Release|x64.Build.0 = Release|x64
		{84BAA078-5850-4625-9DA6-3AA9A0CA63A7}.Release|x86.ActiveCfg = Release|x86
		{84BAA078-5850-4625-9DA6-3AA9A0CA63A7}.Release|x86.Build.0 = Release|x86
		{F6511823-E55E-4D14-89F7-C6C55EE6A7C0}.Debug|Any CPU.ActiveCfg = Debug|Any CPU
		{F6511823-E55E-4D14-89F7-C6C55EE6A7C0}.Debug|Any CPU.Build.0 = Debug|Any CPU
		{F6511823-E55E-4D14-89F7-C6C55EE6A7C0}.Debug|x64.ActiveCfg = Debug|x64
		{F6511823-E55E-4D14-89F7-C6C55EE6A7C0}.Debug|x64.Build.0 = Debug|x64
		{F6511823-E55E-4D14-89F7-C6C55EE6A7C0}.Debug|x86.ActiveCfg = Debug|x86
		{F6511823-E55E-4D14-89F7-C6C55EE6A7C0}.Debug|x86.Build.0 = Debug|x86
		{F6511823-E55E-4D14-89F7-C6C55EE6A7C0}.Release|Any CPU.ActiveCfg = Release|Any CPU
		{F6511823-E55E-4D14-89F7-C6C55EE6A7C0}.Release|Any CPU.Build.0 = Release|Any CPU
		{F6511823-E55E-4D14-89F7-C6C55EE6A7C0}.Release|x64.ActiveCfg = Release|x64
		{F6511823-E55E-4D14-89F7-C6C55EE6A7C0}.Release|x64.Build.0 = Release|x64
		{F6511823-E55E-4D14-89F7-C6C55EE6A7C0}.Release|x86.ActiveCfg = Release|x86
		{F6511823-E55E-4D14-89F7-C6C55EE6A7C0}.Release|x86.Build.0 = Release|x86
		{E84E9A00-3369-43E0-939E-81483E5CE0D4}.Debug|Any CPU.ActiveCfg = Debug|Any CPU
		{E84E9A00-3369-43E0-939E-81483E5CE0D4}.Debug|Any CPU.Build.0 = Debug|Any CPU
		{E84E9A00-3369-43E0-939E-81483E5CE0D4}.Debug|x64.ActiveCfg = Debug|x64
		{E84E9A00-3369-43E0-939E-81483E5CE0D4}.Debug|x64.Build.0 = Debug|x64
		{E84E9A00-3369-43E0-939E-81483E5CE0D4}.Debug|x86.ActiveCfg = Debug|x86
		{E84E9A00-3369-43E0-939E-81483E5CE0D4}.Debug|x86.Build.0 = Debug|x86
		{E84E9A00-3369-43E0-939E-81483E5CE0D4}.Release|Any CPU.ActiveCfg = Release|Any CPU
		{E84E9A00-3369-43E0-939E-81483E5CE0D4}.Release|Any CPU.Build.0 = Release|Any CPU
		{E84E9A00-3369-43E0-939E-81483E5CE0D4}.Release|x64.ActiveCfg = Release|x64
		{E84E9A00-3369-43E0-939E-81483E5CE0D4}.Release|x64.Build.0 = Release|x64
		{E84E9A00-3369-43E0-939E-81483E5CE0D4}.Release|x86.ActiveCfg = Release|x86
		{E84E9A00-3369-43E0-939E-81483E5CE0D4}.Release|x86.Build.0 = Release|x86
		{6BFEDC63-666D-4364-AC05-77FBE9A15D4F}.Debug|Any CPU.ActiveCfg = Debug|Any CPU
		{6BFEDC63-666D-4364-AC05-77FBE9A15D4F}.Debug|Any CPU.Build.0 = Debug|Any CPU
		{6BFEDC63-666D-4364-AC05-77FBE9A15D4F}.Debug|x64.ActiveCfg = Debug|x64
		{6BFEDC63-666D-4364-AC05-77FBE9A15D4F}.Debug|x64.Build.0 = Debug|x64
		{6BFEDC63-666D-4364-AC05-77FBE9A15D4F}.Debug|x86.ActiveCfg = Debug|x86
		{6BFEDC63-666D-4364-AC05-77FBE9A15D4F}.Debug|x86.Build.0 = Debug|x86
		{6BFEDC63-666D-4364-AC05-77FBE9A15D4F}.Release|Any CPU.ActiveCfg = Release|Any CPU
		{6BFEDC63-666D-4364-AC05-77FBE9A15D4F}.Release|Any CPU.Build.0 = Release|Any CPU
		{6BFEDC63-666D-4364-AC05-77FBE9A15D4F}.Release|x64.ActiveCfg = Release|x64
		{6BFEDC63-666D-4364-AC05-77FBE9A15D4F}.Release|x64.Build.0 = Release|x64
		{6BFEDC63-666D-4364-AC05-77FBE9A15D4F}.Release|x86.ActiveCfg = Release|x86
		{6BFEDC63-666D-4364-AC05-77FBE9A15D4F}.Release|x86.Build.0 = Release|x86
		{2DF0FBB8-C49F-41A8-8C72-30670191FC2C}.Debug|Any CPU.ActiveCfg = Debug|Any CPU
		{2DF0FBB8-C49F-41A8-8C72-30670191FC2C}.Debug|Any CPU.Build.0 = Debug|Any CPU
		{2DF0FBB8-C49F-41A8-8C72-30670191FC2C}.Debug|x64.ActiveCfg = Debug|x64
		{2DF0FBB8-C49F-41A8-8C72-30670191FC2C}.Debug|x64.Build.0 = Debug|x64
		{2DF0FBB8-C49F-41A8-8C72-30670191FC2C}.Debug|x86.ActiveCfg = Debug|x86
		{2DF0FBB8-C49F-41A8-8C72-30670191FC2C}.Debug|x86.Build.0 = Debug|x86
		{2DF0FBB8-C49F-41A8-8C72-30670191FC2C}.Release|Any CPU.ActiveCfg = Release|Any CPU
		{2DF0FBB8-C49F-41A8-8C72-30670191FC2C}.Release|Any CPU.Build.0 = Release|Any CPU
		{2DF0FBB8-C49F-41A8-8C72-30670191FC2C}.Release|x64.ActiveCfg = Release|x64
		{2DF0FBB8-C49F-41A8-8C72-30670191FC2C}.Release|x64.Build.0 = Release|x64
		{2DF0FBB8-C49F-41A8-8C72-30670191FC2C}.Release|x86.ActiveCfg = Release|x86
		{2DF0FBB8-C49F-41A8-8C72-30670191FC2C}.Release|x86.Build.0 = Release|x86
		{0DDBA7D0-5D68-452D-865E-AF05C7364079}.Debug|Any CPU.ActiveCfg = Debug|Any CPU
		{0DDBA7D0-5D68-452D-865E-AF05C7364079}.Debug|Any CPU.Build.0 = Debug|Any CPU
		{0DDBA7D0-5D68-452D-865E-AF05C7364079}.Debug|x64.ActiveCfg = Debug|x64
		{0DDBA7D0-5D68-452D-865E-AF05C7364079}.Debug|x64.Build.0 = Debug|x64
		{0DDBA7D0-5D68-452D-865E-AF05C7364079}.Debug|x86.ActiveCfg = Debug|x86
		{0DDBA7D0-5D68-452D-865E-AF05C7364079}.Debug|x86.Build.0 = Debug|x86
		{0DDBA7D0-5D68-452D-865E-AF05C7364079}.Release|Any CPU.ActiveCfg = Release|Any CPU
		{0DDBA7D0-5D68-452D-865E-AF05C7364079}.Release|Any CPU.Build.0 = Release|Any CPU
		{0DDBA7D0-5D68-452D-865E-AF05C7364079}.Release|x64.ActiveCfg = Release|x64
		{0DDBA7D0-5D68-452D-865E-AF05C7364079}.Release|x64.Build.0 = Release|x64
		{0DDBA7D0-5D68-452D-865E-AF05C7364079}.Release|x86.ActiveCfg = Release|x86
		{0DDBA7D0-5D68-452D-865E-AF05C7364079}.Release|x86.Build.0 = Release|x86
		{C1BBC97B-D3D5-4276-B406-B441E48A5834}.Debug|Any CPU.ActiveCfg = Debug|Any CPU
		{C1BBC97B-D3D5-4276-B406-B441E48A5834}.Debug|Any CPU.Build.0 = Debug|Any CPU
		{C1BBC97B-D3D5-4276-B406-B441E48A5834}.Debug|x64.ActiveCfg = Debug|x64
		{C1BBC97B-D3D5-4276-B406-B441E48A5834}.Debug|x64.Build.0 = Debug|x64
		{C1BBC97B-D3D5-4276-B406-B441E48A5834}.Debug|x86.ActiveCfg = Debug|x86
		{C1BBC97B-D3D5-4276-B406-B441E48A5834}.Debug|x86.Build.0 = Debug|x86
		{C1BBC97B-D3D5-4276-B406-B441E48A5834}.Release|Any CPU.ActiveCfg = Release|Any CPU
		{C1BBC97B-D3D5-4276-B406-B441E48A5834}.Release|Any CPU.Build.0 = Release|Any CPU
		{C1BBC97B-D3D5-4276-B406-B441E48A5834}.Release|x64.ActiveCfg = Release|x64
		{C1BBC97B-D3D5-4276-B406-B441E48A5834}.Release|x64.Build.0 = Release|x64
		{C1BBC97B-D3D5-4276-B406-B441E48A5834}.Release|x86.ActiveCfg = Release|x86
		{C1BBC97B-D3D5-4276-B406-B441E48A5834}.Release|x86.Build.0 = Release|x86
	EndGlobalSection
	GlobalSection(SolutionProperties) = preSolution
		HideSolutionNode = FALSE
	EndGlobalSection
	GlobalSection(NestedProjects) = preSolution
		{84BAA078-5850-4625-9DA6-3AA9A0CA63A7} = {7CEC7CE7-00F2-4234-8D62-7CBEDC9D6766}
	EndGlobalSection
EndGlobal
